// !$*UTF8*$!
{
	archiveVersion = 1;
	classes = {
	};
	objectVersion = 56;
	objects = {

/* Begin PBXBuildFile section */
		782BDF512AAB286400CD6E77 /* AppDelegate.swift in Sources */ = {isa = PBXBuildFile; fileRef = 782BDF502AAB286400CD6E77 /* AppDelegate.swift */; };
		782BDF532AAB286400CD6E77 /* SceneDelegate.swift in Sources */ = {isa = PBXBuildFile; fileRef = 782BDF522AAB286400CD6E77 /* SceneDelegate.swift */; };
		782BDF552AAB286400CD6E77 /* ViewController.swift in Sources */ = {isa = PBXBuildFile; fileRef = 782BDF542AAB286400CD6E77 /* ViewController.swift */; };
		782BDF582AAB286400CD6E77 /* Main.storyboard in Resources */ = {isa = PBXBuildFile; fileRef = 782BDF562AAB286400CD6E77 /* Main.storyboard */; };
		782BDF5A2AAB286700CD6E77 /* Assets.xcassets in Resources */ = {isa = PBXBuildFile; fileRef = 782BDF592AAB286700CD6E77 /* Assets.xcassets */; };
		782BDF5D2AAB286700CD6E77 /* LaunchScreen.storyboard in Resources */ = {isa = PBXBuildFile; fileRef = 782BDF5B2AAB286700CD6E77 /* LaunchScreen.storyboard */; };
		782BDF682AAB286800CD6E77 /* HackwichTwoTests.swift in Sources */ = {isa = PBXBuildFile; fileRef = 782BDF672AAB286800CD6E77 /* HackwichTwoTests.swift */; };
		782BDF722AAB286800CD6E77 /* HackwichTwoUITests.swift in Sources */ = {isa = PBXBuildFile; fileRef = 782BDF712AAB286800CD6E77 /* HackwichTwoUITests.swift */; };
		782BDF742AAB286800CD6E77 /* HackwichTwoUITestsLaunchTests.swift in Sources */ = {isa = PBXBuildFile; fileRef = 782BDF732AAB286800CD6E77 /* HackwichTwoUITestsLaunchTests.swift */; };
/* End PBXBuildFile section */

/* Begin PBXContainerItemProxy section */
		782BDF642AAB286800CD6E77 /* PBXContainerItemProxy */ = {
			isa = PBXContainerItemProxy;
			containerPortal = 782BDF452AAB286300CD6E77 /* Project object */;
			proxyType = 1;
			remoteGlobalIDString = 782BDF4C2AAB286400CD6E77;
			remoteInfo = HackwichTwo;
		};
		782BDF6E2AAB286800CD6E77 /* PBXContainerItemProxy */ = {
			isa = PBXContainerItemProxy;
			containerPortal = 782BDF452AAB286300CD6E77 /* Project object */;
			proxyType = 1;
			remoteGlobalIDString = 782BDF4C2AAB286400CD6E77;
			remoteInfo = HackwichTwo;
		};
/* End PBXContainerItemProxy section */

/* Begin PBXFileReference section */
		782BDF4D2AAB286400CD6E77 /* HackwichTwo.app */ = {isa = PBXFileReference; explicitFileType = wrapper.application; includeInIndex = 0; path = HackwichTwo.app; sourceTree = BUILT_PRODUCTS_DIR; };
		782BDF502AAB286400CD6E77 /* AppDelegate.swift */ = {isa = PBXFileReference; lastKnownFileType = sourcecode.swift; path = AppDelegate.swift; sourceTree = "<group>"; };
		782BDF522AAB286400CD6E77 /* SceneDelegate.swift */ = {isa = PBXFileReference; lastKnownFileType = sourcecode.swift; path = SceneDelegate.swift; sourceTree = "<group>"; };
		782BDF542AAB286400CD6E77 /* ViewController.swift */ = {isa = PBXFileReference; lastKnownFileType = sourcecode.swift; path = ViewController.swift; sourceTree = "<group>"; };
		782BDF572AAB286400CD6E77 /* Base */ = {isa = PBXFileReference; lastKnownFileType = file.storyboard; name = Base; path = Base.lproj/Main.storyboard; sourceTree = "<group>"; };
		782BDF592AAB286700CD6E77 /* Assets.xcassets */ = {isa = PBXFileReference; lastKnownFileType = folder.assetcatalog; path = Assets.xcassets; sourceTree = "<group>"; };
		782BDF5C2AAB286700CD6E77 /* Base */ = {isa = PBXFileReference; lastKnownFileType = file.storyboard; name = Base; path = Base.lproj/LaunchScreen.storyboard; sourceTree = "<group>"; };
		782BDF5E2AAB286700CD6E77 /* Info.plist */ = {isa = PBXFileReference; lastKnownFileType = text.plist.xml; path = Info.plist; sourceTree = "<group>"; };
		782BDF632AAB286800CD6E77 /* HackwichTwoTests.xctest */ = {isa = PBXFileReference; explicitFileType = wrapper.cfbundle; includeInIndex = 0; path = HackwichTwoTests.xctest; sourceTree = BUILT_PRODUCTS_DIR; };
		782BDF672AAB286800CD6E77 /* HackwichTwoTests.swift */ = {isa = PBXFileReference; lastKnownFileType = sourcecode.swift; path = HackwichTwoTests.swift; sourceTree = "<group>"; };
		782BDF6D2AAB286800CD6E77 /* HackwichTwoUITests.xctest */ = {isa = PBXFileReference; explicitFileType = wrapper.cfbundle; includeInIndex = 0; path = HackwichTwoUITests.xctest; sourceTree = BUILT_PRODUCTS_DIR; };
		782BDF712AAB286800CD6E77 /* HackwichTwoUITests.swift */ = {isa = PBXFileReference; lastKnownFileType = sourcecode.swift; path = HackwichTwoUITests.swift; sourceTree = "<group>"; };
		782BDF732AAB286800CD6E77 /* HackwichTwoUITestsLaunchTests.swift */ = {isa = PBXFileReference; lastKnownFileType = sourcecode.swift; path = HackwichTwoUITestsLaunchTests.swift; sourceTree = "<group>"; };
/* End PBXFileReference section */

/* Begin PBXFrameworksBuildPhase section */
		782BDF4A2AAB286400CD6E77 /* Frameworks */ = {
			isa = PBXFrameworksBuildPhase;
			buildActionMask = 2147483647;
			files = (
			);
			runOnlyForDeploymentPostprocessing = 0;
		};
		782BDF602AAB286800CD6E77 /* Frameworks */ = {
			isa = PBXFrameworksBuildPhase;
			buildActionMask = 2147483647;
			files = (
			);
			runOnlyForDeploymentPostprocessing = 0;
		};
		782BDF6A2AAB286800CD6E77 /* Frameworks */ = {
			isa = PBXFrameworksBuildPhase;
			buildActionMask = 2147483647;
			files = (
			);
			runOnlyForDeploymentPostprocessing = 0;
		};
/* End PBXFrameworksBuildPhase section */

/* Begin PBXGroup section */
		782BDF442AAB286300CD6E77 = {
			isa = PBXGroup;
			children = (
				782BDF4F2AAB286400CD6E77 /* HackwichTwo */,
				782BDF662AAB286800CD6E77 /* HackwichTwoTests */,
				782BDF702AAB286800CD6E77 /* HackwichTwoUITests */,
				782BDF4E2AAB286400CD6E77 /* Products */,
			);
			sourceTree = "<group>";
		};
		782BDF4E2AAB286400CD6E77 /* Products */ = {
			isa = PBXGroup;
			children = (
				782BDF4D2AAB286400CD6E77 /* HackwichTwo.app */,
				782BDF632AAB286800CD6E77 /* HackwichTwoTests.xctest */,
				782BDF6D2AAB286800CD6E77 /* HackwichTwoUITests.xctest */,
			);
			name = Products;
			sourceTree = "<group>";
		};
		782BDF4F2AAB286400CD6E77 /* HackwichTwo */ = {
			isa = PBXGroup;
			children = (
				782BDF502AAB286400CD6E77 /* AppDelegate.swift */,
				782BDF522AAB286400CD6E77 /* SceneDelegate.swift */,
				782BDF542AAB286400CD6E77 /* ViewController.swift */,
				782BDF562AAB286400CD6E77 /* Main.storyboard */,
				782BDF592AAB286700CD6E77 /* Assets.xcassets */,
				782BDF5B2AAB286700CD6E77 /* LaunchScreen.storyboard */,
				782BDF5E2AAB286700CD6E77 /* Info.plist */,
			);
			path = HackwichTwo;
			sourceTree = "<group>";
		};
		782BDF662AAB286800CD6E77 /* HackwichTwoTests */ = {
			isa = PBXGroup;
			children = (
				782BDF672AAB286800CD6E77 /* HackwichTwoTests.swift */,
			);
			path = HackwichTwoTests;
			sourceTree = "<group>";
		};
		782BDF702AAB286800CD6E77 /* HackwichTwoUITests */ = {
			isa = PBXGroup;
			children = (
				782BDF712AAB286800CD6E77 /* HackwichTwoUITests.swift */,
				782BDF732AAB286800CD6E77 /* HackwichTwoUITestsLaunchTests.swift */,
			);
			path = HackwichTwoUITests;
			sourceTree = "<group>";
		};
/* End PBXGroup section */

/* Begin PBXNativeTarget section */
		782BDF4C2AAB286400CD6E77 /* HackwichTwo */ = {
			isa = PBXNativeTarget;
			buildConfigurationList = 782BDF772AAB286800CD6E77 /* Build configuration list for PBXNativeTarget "HackwichTwo" */;
			buildPhases = (
				782BDF492AAB286400CD6E77 /* Sources */,
				782BDF4A2AAB286400CD6E77 /* Frameworks */,
				782BDF4B2AAB286400CD6E77 /* Resources */,
			);
			buildRules = (
			);
			dependencies = (
			);
			name = HackwichTwo;
			productName = HackwichTwo;
			productReference = 782BDF4D2AAB286400CD6E77 /* HackwichTwo.app */;
			productType = "com.apple.product-type.application";
		};
		782BDF622AAB286800CD6E77 /* HackwichTwoTests */ = {
			isa = PBXNativeTarget;
			buildConfigurationList = 782BDF7A2AAB286800CD6E77 /* Build configuration list for PBXNativeTarget "HackwichTwoTests" */;
			buildPhases = (
				782BDF5F2AAB286800CD6E77 /* Sources */,
				782BDF602AAB286800CD6E77 /* Frameworks */,
				782BDF612AAB286800CD6E77 /* Resources */,
			);
			buildRules = (
			);
			dependencies = (
				782BDF652AAB286800CD6E77 /* PBXTargetDependency */,
			);
			name = HackwichTwoTests;
			productName = HackwichTwoTests;
			productReference = 782BDF632AAB286800CD6E77 /* HackwichTwoTests.xctest */;
			productType = "com.apple.product-type.bundle.unit-test";
		};
		782BDF6C2AAB286800CD6E77 /* HackwichTwoUITests */ = {
			isa = PBXNativeTarget;
			buildConfigurationList = 782BDF7D2AAB286800CD6E77 /* Build configuration list for PBXNativeTarget "HackwichTwoUITests" */;
			buildPhases = (
				782BDF692AAB286800CD6E77 /* Sources */,
				782BDF6A2AAB286800CD6E77 /* Frameworks */,
				782BDF6B2AAB286800CD6E77 /* Resources */,
			);
			buildRules = (
			);
			dependencies = (
				782BDF6F2AAB286800CD6E77 /* PBXTargetDependency */,
			);
			name = HackwichTwoUITests;
			productName = HackwichTwoUITests;
			productReference = 782BDF6D2AAB286800CD6E77 /* HackwichTwoUITests.xctest */;
			productType = "com.apple.product-type.bundle.ui-testing";
		};
/* End PBXNativeTarget section */

/* Begin PBXProject section */
		782BDF452AAB286300CD6E77 /* Project object */ = {
			isa = PBXProject;
			attributes = {
				BuildIndependentTargetsInParallel = 1;
				LastSwiftUpdateCheck = 1430;
				LastUpgradeCheck = 1430;
				TargetAttributes = {
					782BDF4C2AAB286400CD6E77 = {
						CreatedOnToolsVersion = 14.3.1;
					};
					782BDF622AAB286800CD6E77 = {
						CreatedOnToolsVersion = 14.3.1;
						TestTargetID = 782BDF4C2AAB286400CD6E77;
					};
					782BDF6C2AAB286800CD6E77 = {
						CreatedOnToolsVersion = 14.3.1;
						TestTargetID = 782BDF4C2AAB286400CD6E77;
					};
				};
			};
			buildConfigurationList = 782BDF482AAB286300CD6E77 /* Build configuration list for PBXProject "HackwichTwo" */;
			compatibilityVersion = "Xcode 14.0";
			developmentRegion = en;
			hasScannedForEncodings = 0;
			knownRegions = (
				en,
				Base,
			);
			mainGroup = 782BDF442AAB286300CD6E77;
			productRefGroup = 782BDF4E2AAB286400CD6E77 /* Products */;
			projectDirPath = "";
			projectRoot = "";
			targets = (
				782BDF4C2AAB286400CD6E77 /* HackwichTwo */,
				782BDF622AAB286800CD6E77 /* HackwichTwoTests */,
				782BDF6C2AAB286800CD6E77 /* HackwichTwoUITests */,
			);
		};
/* End PBXProject section */

/* Begin PBXResourcesBuildPhase section */
		782BDF4B2AAB286400CD6E77 /* Resources */ = {
			isa = PBXResourcesBuildPhase;
			buildActionMask = 2147483647;
			files = (
				782BDF5D2AAB286700CD6E77 /* LaunchScreen.storyboard in Resources */,
				782BDF5A2AAB286700CD6E77 /* Assets.xcassets in Resources */,
				782BDF582AAB286400CD6E77 /* Main.storyboard in Resources */,
			);
			runOnlyForDeploymentPostprocessing = 0;
		};
		782BDF612AAB286800CD6E77 /* Resources */ = {
			isa = PBXResourcesBuildPhase;
			buildActionMask = 2147483647;
			files = (
			);
			runOnlyForDeploymentPostprocessing = 0;
		};
		782BDF6B2AAB286800CD6E77 /* Resources */ = {
			isa = PBXResourcesBuildPhase;
			buildActionMask = 2147483647;
			files = (
			);
			runOnlyForDeploymentPostprocessing = 0;
		};
/* End PBXResourcesBuildPhase section */

/* Begin PBXSourcesBuildPhase section */
		782BDF492AAB286400CD6E77 /* Sources */ = {
			isa = PBXSourcesBuildPhase;
			buildActionMask = 2147483647;
			files = (
				782BDF552AAB286400CD6E77 /* ViewController.swift in Sources */,
				782BDF512AAB286400CD6E77 /* AppDelegate.swift in Sources */,
				782BDF532AAB286400CD6E77 /* SceneDelegate.swift in Sources */,
			);
			runOnlyForDeploymentPostprocessing = 0;
		};
		782BDF5F2AAB286800CD6E77 /* Sources */ = {
			isa = PBXSourcesBuildPhase;
			buildActionMask = 2147483647;
			files = (
				782BDF682AAB286800CD6E77 /* HackwichTwoTests.swift in Sources */,
			);
			runOnlyForDeploymentPostprocessing = 0;
		};
		782BDF692AAB286800CD6E77 /* Sources */ = {
			isa = PBXSourcesBuildPhase;
			buildActionMask = 2147483647;
			files = (
				782BDF722AAB286800CD6E77 /* HackwichTwoUITests.swift in Sources */,
				782BDF742AAB286800CD6E77 /* HackwichTwoUITestsLaunchTests.swift in Sources */,
			);
			runOnlyForDeploymentPostprocessing = 0;
		};
/* End PBXSourcesBuildPhase section */

/* Begin PBXTargetDependency section */
		782BDF652AAB286800CD6E77 /* PBXTargetDependency */ = {
			isa = PBXTargetDependency;
			target = 782BDF4C2AAB286400CD6E77 /* HackwichTwo */;
			targetProxy = 782BDF642AAB286800CD6E77 /* PBXContainerItemProxy */;
		};
		782BDF6F2AAB286800CD6E77 /* PBXTargetDependency */ = {
			isa = PBXTargetDependency;
			target = 782BDF4C2AAB286400CD6E77 /* HackwichTwo */;
			targetProxy = 782BDF6E2AAB286800CD6E77 /* PBXContainerItemProxy */;
		};
/* End PBXTargetDependency section */

/* Begin PBXVariantGroup section */
		782BDF562AAB286400CD6E77 /* Main.storyboard */ = {
			isa = PBXVariantGroup;
			children = (
				782BDF572AAB286400CD6E77 /* Base */,
			);
			name = Main.storyboard;
			sourceTree = "<group>";
		};
		782BDF5B2AAB286700CD6E77 /* LaunchScreen.storyboard */ = {
			isa = PBXVariantGroup;
			children = (
				782BDF5C2AAB286700CD6E77 /* Base */,
			);
			name = LaunchScreen.storyboard;
			sourceTree = "<group>";
		};
/* End PBXVariantGroup section */

/* Begin XCBuildConfiguration section */
		782BDF752AAB286800CD6E77 /* Debug */ = {
			isa = XCBuildConfiguration;
			buildSettings = {
				ALWAYS_SEARCH_USER_PATHS = NO;
				CLANG_ANALYZER_NONNULL = YES;
				CLANG_ANALYZER_NUMBER_OBJECT_CONVERSION = YES_AGGRESSIVE;
				CLANG_CXX_LANGUAGE_STANDARD = "gnu++20";
				CLANG_ENABLE_MODULES = YES;
				CLANG_ENABLE_OBJC_ARC = YES;
				CLANG_ENABLE_OBJC_WEAK = YES;
				CLANG_WARN_BLOCK_CAPTURE_AUTORELEASING = YES;
				CLANG_WARN_BOOL_CONVERSION = YES;
				CLANG_WARN_COMMA = YES;
				CLANG_WARN_CONSTANT_CONVERSION = YES;
				CLANG_WARN_DEPRECATED_OBJC_IMPLEMENTATIONS = YES;
				CLANG_WARN_DIRECT_OBJC_ISA_USAGE = YES_ERROR;
				CLANG_WARN_DOCUMENTATION_COMMENTS = YES;
				CLANG_WARN_EMPTY_BODY = YES;
				CLANG_WARN_ENUM_CONVERSION = YES;
				CLANG_WARN_INFINITE_RECURSION = YES;
				CLANG_WARN_INT_CONVERSION = YES;
				CLANG_WARN_NON_LITERAL_NULL_CONVERSION = YES;
				CLANG_WARN_OBJC_IMPLICIT_RETAIN_SELF = YES;
				CLANG_WARN_OBJC_LITERAL_CONVERSION = YES;
				CLANG_WARN_OBJC_ROOT_CLASS = YES_ERROR;
				CLANG_WARN_QUOTED_INCLUDE_IN_FRAMEWORK_HEADER = YES;
				CLANG_WARN_RANGE_LOOP_ANALYSIS = YES;
				CLANG_WARN_STRICT_PROTOTYPES = YES;
				CLANG_WARN_SUSPICIOUS_MOVE = YES;
				CLANG_WARN_UNGUARDED_AVAILABILITY = YES_AGGRESSIVE;
				CLANG_WARN_UNREACHABLE_CODE = YES;
				CLANG_WARN__DUPLICATE_METHOD_MATCH = YES;
				COPY_PHASE_STRIP = NO;
				DEBUG_INFORMATION_FORMAT = dwarf;
				ENABLE_STRICT_OBJC_MSGSEND = YES;
				ENABLE_TESTABILITY = YES;
				GCC_C_LANGUAGE_STANDARD = gnu11;
				GCC_DYNAMIC_NO_PIC = NO;
				GCC_NO_COMMON_BLOCKS = YES;
				GCC_OPTIMIZATION_LEVEL = 0;
				GCC_PREPROCESSOR_DEFINITIONS = (
					"DEBUG=1",
					"$(inherited)",
				);
				GCC_WARN_64_TO_32_BIT_CONVERSION = YES;
				GCC_WARN_ABOUT_RETURN_TYPE = YES_ERROR;
				GCC_WARN_UNDECLARED_SELECTOR = YES;
				GCC_WARN_UNINITIALIZED_AUTOS = YES_AGGRESSIVE;
				GCC_WARN_UNUSED_FUNCTION = YES;
				GCC_WARN_UNUSED_VARIABLE = YES;
				IPHONEOS_DEPLOYMENT_TARGET = 16.4;
				MTL_ENABLE_DEBUG_INFO = INCLUDE_SOURCE;
				MTL_FAST_MATH = YES;
				ONLY_ACTIVE_ARCH = YES;
				SDKROOT = iphoneos;
				SWIFT_ACTIVE_COMPILATION_CONDITIONS = DEBUG;
				SWIFT_OPTIMIZATION_LEVEL = "-Onone";
			};
			name = Debug;
		};
		782BDF762AAB286800CD6E77 /* Release */ = {
			isa = XCBuildConfiguration;
			buildSettings = {
				ALWAYS_SEARCH_USER_PATHS = NO;
				CLANG_ANALYZER_NONNULL = YES;
				CLANG_ANALYZER_NUMBER_OBJECT_CONVERSION = YES_AGGRESSIVE;
				CLANG_CXX_LANGUAGE_STANDARD = "gnu++20";
				CLANG_ENABLE_MODULES = YES;
				CLANG_ENABLE_OBJC_ARC = YES;
				CLANG_ENABLE_OBJC_WEAK = YES;
				CLANG_WARN_BLOCK_CAPTURE_AUTORELEASING = YES;
				CLANG_WARN_BOOL_CONVERSION = YES;
				CLANG_WARN_COMMA = YES;
				CLANG_WARN_CONSTANT_CONVERSION = YES;
				CLANG_WARN_DEPRECATED_OBJC_IMPLEMENTATIONS = YES;
				CLANG_WARN_DIRECT_OBJC_ISA_USAGE = YES_ERROR;
				CLANG_WARN_DOCUMENTATION_COMMENTS = YES;
				CLANG_WARN_EMPTY_BODY = YES;
				CLANG_WARN_ENUM_CONVERSION = YES;
				CLANG_WARN_INFINITE_RECURSION = YES;
				CLANG_WARN_INT_CONVERSION = YES;
				CLANG_WARN_NON_LITERAL_NULL_CONVERSION = YES;
				CLANG_WARN_OBJC_IMPLICIT_RETAIN_SELF = YES;
				CLANG_WARN_OBJC_LITERAL_CONVERSION = YES;
				CLANG_WARN_OBJC_ROOT_CLASS = YES_ERROR;
				CLANG_WARN_QUOTED_INCLUDE_IN_FRAMEWORK_HEADER = YES;
				CLANG_WARN_RANGE_LOOP_ANALYSIS = YES;
				CLANG_WARN_STRICT_PROTOTYPES = YES;
				CLANG_WARN_SUSPICIOUS_MOVE = YES;
				CLANG_WARN_UNGUARDED_AVAILABILITY = YES_AGGRESSIVE;
				CLANG_WARN_UNREACHABLE_CODE = YES;
				CLANG_WARN__DUPLICATE_METHOD_MATCH = YES;
				COPY_PHASE_STRIP = NO;
				DEBUG_INFORMATION_FORMAT = "dwarf-with-dsym";
				ENABLE_NS_ASSERTIONS = NO;
				ENABLE_STRICT_OBJC_MSGSEND = YES;
				GCC_C_LANGUAGE_STANDARD = gnu11;
				GCC_NO_COMMON_BLOCKS = YES;
				GCC_WARN_64_TO_32_BIT_CONVERSION = YES;
				GCC_WARN_ABOUT_RETURN_TYPE = YES_ERROR;
				GCC_WARN_UNDECLARED_SELECTOR = YES;
				GCC_WARN_UNINITIALIZED_AUTOS = YES_AGGRESSIVE;
				GCC_WARN_UNUSED_FUNCTION = YES;
				GCC_WARN_UNUSED_VARIABLE = YES;
				IPHONEOS_DEPLOYMENT_TARGET = 16.4;
				MTL_ENABLE_DEBUG_INFO = NO;
				MTL_FAST_MATH = YES;
				SDKROOT = iphoneos;
				SWIFT_COMPILATION_MODE = wholemodule;
				SWIFT_OPTIMIZATION_LEVEL = "-O";
				VALIDATE_PRODUCT = YES;
			};
			name = Release;
		};
		782BDF782AAB286800CD6E77 /* Debug */ = {
			isa = XCBuildConfiguration;
			buildSettings = {
				ASSETCATALOG_COMPILER_APPICON_NAME = AppIcon;
				ASSETCATALOG_COMPILER_GLOBAL_ACCENT_COLOR_NAME = AccentColor;
				CODE_SIGN_STYLE = Automatic;
				CURRENT_PROJECT_VERSION = 1;
				DEVELOPMENT_TEAM = 664VZ3PP33;
				GENERATE_INFOPLIST_FILE = YES;
				INFOPLIST_FILE = HackwichTwo/Info.plist;
				INFOPLIST_KEY_UIApplicationSupportsIndirectInputEvents = YES;
				INFOPLIST_KEY_UILaunchStoryboardName = LaunchScreen;
				INFOPLIST_KEY_UIMainStoryboardFile = Main;
				INFOPLIST_KEY_UISupportedInterfaceOrientations_iPad = "UIInterfaceOrientationPortrait UIInterfaceOrientationPortraitUpsideDown UIInterfaceOrientationLandscapeLeft UIInterfaceOrientationLandscapeRight";
				INFOPLIST_KEY_UISupportedInterfaceOrientations_iPhone = "UIInterfaceOrientationPortrait UIInterfaceOrientationLandscapeLeft UIInterfaceOrientationLandscapeRight";
				LD_RUNPATH_SEARCH_PATHS = (
					"$(inherited)",
					"@executable_path/Frameworks",
				);
				MARKETING_VERSION = 1.0;
				PRODUCT_BUNDLE_IDENTIFIER = UHWO.HackwichTwo;
				PRODUCT_NAME = "$(TARGET_NAME)";
				SWIFT_EMIT_LOC_STRINGS = YES;
				SWIFT_VERSION = 5.0;
				TARGETED_DEVICE_FAMILY = "1,2";
			};
			name = Debug;
		};
		782BDF792AAB286800CD6E77 /* Release */ = {
			isa = XCBuildConfiguration;
			buildSettings = {
				ASSETCATALOG_COMPILER_APPICON_NAME = AppIcon;
				ASSETCATALOG_COMPILER_GLOBAL_ACCENT_COLOR_NAME = AccentColor;
				CODE_SIGN_STYLE = Automatic;
				CURRENT_PROJECT_VERSION = 1;
				DEVELOPMENT_TEAM = 664VZ3PP33;
				GENERATE_INFOPLIST_FILE = YES;
				INFOPLIST_FILE = HackwichTwo/Info.plist;
				INFOPLIST_KEY_UIApplicationSupportsIndirectInputEvents = YES;
				INFOPLIST_KEY_UILaunchStoryboardName = LaunchScreen;
				INFOPLIST_KEY_UIMainStoryboardFile = Main;
				INFOPLIST_KEY_UISupportedInterfaceOrientations_iPad = "UIInterfaceOrientationPortrait UIInterfaceOrientationPortraitUpsideDown UIInterfaceOrientationLandscapeLeft UIInterfaceOrientationLandscapeRight";
				INFOPLIST_KEY_UISupportedInterfaceOrientations_iPhone = "UIInterfaceOrientationPortrait UIInterfaceOrientationLandscapeLeft UIInterfaceOrientationLandscapeRight";
				LD_RUNPATH_SEARCH_PATHS = (
					"$(inherited)",
					"@executable_path/Frameworks",
				);
				MARKETING_VERSION = 1.0;
				PRODUCT_BUNDLE_IDENTIFIER = UHWO.HackwichTwo;
				PRODUCT_NAME = "$(TARGET_NAME)";
				SWIFT_EMIT_LOC_STRINGS = YES;
				SWIFT_VERSION = 5.0;
				TARGETED_DEVICE_FAMILY = "1,2";
			};
			name = Release;
		};
		782BDF7B2AAB286800CD6E77 /* Debug */ = {
			isa = XCBuildConfiguration;
			buildSettings = {
				ALWAYS_EMBED_SWIFT_STANDARD_LIBRARIES = YES;
				BUNDLE_LOADER = "$(TEST_HOST)";
				CODE_SIGN_STYLE = Automatic;
				CURRENT_PROJECT_VERSION = 1;
				DEVELOPMENT_TEAM = 664VZ3PP33;
				GENERATE_INFOPLIST_FILE = YES;
				IPHONEOS_DEPLOYMENT_TARGET = 16.4;
				MARKETING_VERSION = 1.0;
				PRODUCT_BUNDLE_IDENTIFIER = UHWO.HackwichTwoTests;
				PRODUCT_NAME = "$(TARGET_NAME)";
				SWIFT_EMIT_LOC_STRINGS = NO;
				SWIFT_VERSION = 5.0;
				TARGETED_DEVICE_FAMILY = "1,2";
				TEST_HOST = "$(BUILT_PRODUCTS_DIR)/HackwichTwo.app/$(BUNDLE_EXECUTABLE_FOLDER_PATH)/HackwichTwo";
			};
			name = Debug;
		};
		782BDF7C2AAB286800CD6E77 /* Release */ = {
			isa = XCBuildConfiguration;
			buildSettings = {
				ALWAYS_EMBED_SWIFT_STANDARD_LIBRARIES = YES;
				BUNDLE_LOADER = "$(TEST_HOST)";
				CODE_SIGN_STYLE = Automatic;
				CURRENT_PROJECT_VERSION = 1;
				DEVELOPMENT_TEAM = 664VZ3PP33;
				GENERATE_INFOPLIST_FILE = YES;
				IPHONEOS_DEPLOYMENT_TARGET = 16.4;
				MARKETING_VERSION = 1.0;
				PRODUCT_BUNDLE_IDENTIFIER = UHWO.HackwichTwoTests;
				PRODUCT_NAME = "$(TARGET_NAME)";
				SWIFT_EMIT_LOC_STRINGS = NO;
				SWIFT_VERSION = 5.0;
				TARGETED_DEVICE_FAMILY = "1,2";
				TEST_HOST = "$(BUILT_PRODUCTS_DIR)/HackwichTwo.app/$(BUNDLE_EXECUTABLE_FOLDER_PATH)/HackwichTwo";
			};
			name = Release;
		};
		782BDF7E2AAB286800CD6E77 /* Debug */ = {
			isa = XCBuildConfiguration;
			buildSettings = {
				ALWAYS_EMBED_SWIFT_STANDARD_LIBRARIES = YES;
				CODE_SIGN_STYLE = Automatic;
				CURRENT_PROJECT_VERSION = 1;
				DEVELOPMENT_TEAM = 664VZ3PP33;
				GENERATE_INFOPLIST_FILE = YES;
				MARKETING_VERSION = 1.0;
				PRODUCT_BUNDLE_IDENTIFIER = UHWO.HackwichTwoUITests;
				PRODUCT_NAME = "$(TARGET_NAME)";
				SWIFT_EMIT_LOC_STRINGS = NO;
				SWIFT_VERSION = 5.0;
				TARGETED_DEVICE_FAMILY = "1,2";
				TEST_TARGET_NAME = HackwichTwo;
			};
			name = Debug;
		};
		782BDF7F2AAB286800CD6E77 /* Release */ = {
			isa = XCBuildConfiguration;
			buildSettings = {
				ALWAYS_EMBED_SWIFT_STANDARD_LIBRARIES = YES;
				CODE_SIGN_STYLE = Automatic;
				CURRENT_PROJECT_VERSION = 1;
				DEVELOPMENT_TEAM = 664VZ3PP33;
				GENERATE_INFOPLIST_FILE = YES;
				MARKETING_VERSION = 1.0;
				PRODUCT_BUNDLE_IDENTIFIER = UHWO.HackwichTwoUITests;
				PRODUCT_NAME = "$(TARGET_NAME)";
				SWIFT_EMIT_LOC_STRINGS = NO;
				SWIFT_VERSION = 5.0;
				TARGETED_DEVICE_FAMILY = "1,2";
				TEST_TARGET_NAME = HackwichTwo;
			};
			name = Release;
		};
/* End XCBuildConfiguration section */

/* Begin XCConfigurationList section */
		782BDF482AAB286300CD6E77 /* Build configuration list for PBXProject "HackwichTwo" */ = {
			isa = XCConfigurationList;
			buildConfigurations = (
				782BDF752AAB286800CD6E77 /* Debug */,
				782BDF762AAB286800CD6E77 /* Release */,
			);
			defaultConfigurationIsVisible = 0;
			defaultConfigurationName = Release;
		};
		782BDF772AAB286800CD6E77 /* Build configuration list for PBXNativeTarget "HackwichTwo" */ = {
			isa = XCConfigurationList;
			buildConfigurations = (
				782BDF782AAB286800CD6E77 /* Debug */,
				782BDF792AAB286800CD6E77 /* Release */,
			);
			defaultConfigurationIsVisible = 0;
			defaultConfigurationName = Release;
		};
		782BDF7A2AAB286800CD6E77 /* Build configuration list for PBXNativeTarget "HackwichTwoTests" */ = {
			isa = XCConfigurationList;
			buildConfigurations = (
				782BDF7B2AAB286800CD6E77 /* Debug */,
				782BDF7C2AAB286800CD6E77 /* Release */,
			);
			defaultConfigurationIsVisible = 0;
			defaultConfigurationName = Release;
		};
		782BDF7D2AAB286800CD6E77 /* Build configuration list for PBXNativeTarget "HackwichTwoUITests" */ = {
			isa = XCConfigurationList;
			buildConfigurations = (
				782BDF7E2AAB286800CD6E77 /* Debug */,
				782BDF7F2AAB286800CD6E77 /* Release */,
			);
			defaultConfigurationIsVisible = 0;
			defaultConfigurationName = Release;
		};
/* End XCConfigurationList section */
	};
	rootObject = 782BDF452AAB286300CD6E77 /* Project object */;
}
